
Microsoft Visual Studio Solution File, Format Version 12.00
# Visual Studio Version 16
VisualStudioVersion = 16.0.30011.22
MinimumVisualStudioVersion = 10.0.40219.1
Project("{9A19103F-16F7-4668-BE54-9A1E7A4F7556}") = "POM_ProjectPlan", "POM_ProjectPlan.csproj", "{8A5EEED5-DE22-4F21-A603-DC04F5051164}"
EndProject
Global
	GlobalSection(SolutionConfigurationPlatforms) = preSolution
		Debug|Any CPU = Debug|Any CPU
		Release|Any CPU = Release|Any CPU
	EndGlobalSection
	GlobalSection(ProjectConfigurationPlatforms) = postSolution
		{8A5EEED5-DE22-4F21-A603-DC04F5051164}.Debug|Any CPU.ActiveCfg = Debug|Any CPU
		{8A5EEED5-DE22-4F21-A603-DC04F5051164}.Debug|Any CPU.Build.0 = Debug|Any CPU
		{8A5EEED5-DE22-4F21-A603-DC04F5051164}.Release|Any CPU.ActiveCfg = Release|Any CPU
		{8A5EEED5-DE22-4F21-A603-DC04F5051164}.Release|Any CPU.Build.0 = Release|Any CPU
	EndGlobalSection
	GlobalSection(SolutionProperties) = preSolution
		HideSolutionNode = FALSE
	EndGlobalSection
	GlobalSection(ExtensibilityGlobals) = postSolution
		SolutionGuid = {761E2FC5-DAD8-4C0E-8592-AE823108B9AF}
	EndGlobalSection
EndGlobal
